
Microsoft Visual Studio Solution File, Format Version 12.00
# Visual Studio Version 16
VisualStudioVersion = 16.0.30804.86
MinimumVisualStudioVersion = 10.0.40219.1
Project("{FAE04EC0-301F-11D3-BF4B-00C04F79EFBC}") = "HealthLogger.Android", "HealthLogger\HealthLogger.Android\HealthLogger.Android.csproj", "{77199E3F-E89F-4F3B-B0AC-437EF164FBDE}"
EndProject
Project("{9A19103F-16F7-4668-BE54-9A1E7A4F7556}") = "HealthLogger", "HealthLogger\HealthLogger\HealthLogger.csproj", "{C0A14F40-6A2D-42DC-9B99-59776C4AEDE5}"
EndProject
Global
	GlobalSection(SolutionConfigurationPlatforms) = preSolution
		Debug|Any CPU = Debug|Any CPU
		Debug|iPhone = Debug|iPhone
		Debug|iPhoneSimulator = Debug|iPhoneSimulator
		Release|Any CPU = Release|Any CPU
		Release|iPhone = Release|iPhone
		Release|iPhoneSimulator = Release|iPhoneSimulator
	EndGlobalSection
	GlobalSection(ProjectConfigurationPlatforms) = postSolution
		{77199E3F-E89F-4F3B-B0AC-437EF164FBDE}.Debug|Any CPU.ActiveCfg = Debug|Any CPU
		{77199E3F-E89F-4F3B-B0AC-437EF164FBDE}.Debug|Any CPU.Build.0 = Debug|Any CPU
		{77199E3F-E89F-4F3B-B0AC-437EF164FBDE}.Debug|Any CPU.Deploy.0 = Debug|Any CPU
		{77199E3F-E89F-4F3B-B0AC-437EF164FBDE}.Debug|iPhone.ActiveCfg = Release|Any CPU
		{77199E3F-E89F-4F3B-B0AC-437EF164FBDE}.Debug|iPhoneSimulator.ActiveCfg = Release|Any CPU
		{77199E3F-E89F-4F3B-B0AC-437EF164FBDE}.Release|Any CPU.ActiveCfg = Release|Any CPU
		{77199E3F-E89F-4F3B-B0AC-437EF164FBDE}.Release|Any CPU.Build.0 = Release|Any CPU
		{77199E3F-E89F-4F3B-B0AC-437EF164FBDE}.Release|Any CPU.Deploy.0 = Release|Any CPU
		{77199E3F-E89F-4F3B-B0AC-437EF164FBDE}.Release|iPhone.ActiveCfg = Release|Any CPU
		{77199E3F-E89F-4F3B-B0AC-437EF164FBDE}.Release|iPhoneSimulator.ActiveCfg = Release|Any CPU
		{C0A14F40-6A2D-42DC-9B99-59776C4AEDE5}.Debug|Any CPU.ActiveCfg = Debug|Any CPU
		{C0A14F40-6A2D-42DC-9B99-59776C4AEDE5}.Debug|Any CPU.Build.0 = Debug|Any CPU
		{C0A14F40-6A2D-42DC-9B99-59776C4AEDE5}.Debug|Any CPU.Deploy.0 = Debug|Any CPU
		{C0A14F40-6A2D-42DC-9B99-59776C4AEDE5}.Debug|iPhone.ActiveCfg = Debug|Any CPU
		{C0A14F40-6A2D-42DC-9B99-59776C4AEDE5}.Debug|iPhone.Build.0 = Debug|Any CPU
		{C0A14F40-6A2D-42DC-9B99-59776C4AEDE5}.Debug|iPhoneSimulator.ActiveCfg = Debug|Any CPU
		{C0A14F40-6A2D-42DC-9B99-59776C4AEDE5}.Debug|iPhoneSimulator.Build.0 = Debug|Any CPU
		{C0A14F40-6A2D-42DC-9B99-59776C4AEDE5}.Release|Any CPU.ActiveCfg = Release|Any CPU
		{C0A14F40-6A2D-42DC-9B99-59776C4AEDE5}.Release|Any CPU.Build.0 = Release|Any CPU
		{C0A14F40-6A2D-42DC-9B99-59776C4AEDE5}.Release|Any CPU.Deploy.0 = Release|Any CPU
		{C0A14F40-6A2D-42DC-9B99-59776C4AEDE5}.Release|iPhone.ActiveCfg = Release|Any CPU
		{C0A14F40-6A2D-42DC-9B99-59776C4AEDE5}.Release|iPhone.Build.0 = Release|Any CPU
		{C0A14F40-6A2D-42DC-9B99-59776C4AEDE5}.Release|iPhoneSimulator.ActiveCfg = Release|Any CPU
		{C0A14F40-6A2D-42DC-9B99-59776C4AEDE5}.Release|iPhoneSimulator.Build.0 = Release|Any CPU
	EndGlobalSection
	GlobalSection(SolutionProperties) = preSolution
		HideSolutionNode = FALSE
	EndGlobalSection
	GlobalSection(ExtensibilityGlobals) = postSolution
		SolutionGuid = {52899737-EDC1-4D0C-A603-53DACF555EE0}
	EndGlobalSection
EndGlobal
